
Microsoft Visual Studio Solution File, Format Version 12.00
# Visual Studio Version 17
VisualStudioVersion = 17.0.32112.339
MinimumVisualStudioVersion = 10.0.40219.1
Project("{FAE04EC0-301F-11D3-BF4B-00C04F79EFBC}") = "RideHestenAPI", "RideHestenAPI\RideHestenAPI.csproj", "{F31EB00D-9B36-4E63-8ADC-631DAD39F4F5}"
EndProject
Global
	GlobalSection(SolutionConfigurationPlatforms) = preSolution
		Debug|Any CPU = Debug|Any CPU
		Release|Any CPU = Release|Any CPU
	EndGlobalSection
	GlobalSection(ProjectConfigurationPlatforms) = postSolution
		{F31EB00D-9B36-4E63-8ADC-631DAD39F4F5}.Debug|Any CPU.ActiveCfg = Debug|Any CPU
		{F31EB00D-9B36-4E63-8ADC-631DAD39F4F5}.Debug|Any CPU.Build.0 = Debug|Any CPU
		{F31EB00D-9B36-4E63-8ADC-631DAD39F4F5}.Release|Any CPU.ActiveCfg = Release|Any CPU
		{F31EB00D-9B36-4E63-8ADC-631DAD39F4F5}.Release|Any CPU.Build.0 = Release|Any CPU
	EndGlobalSection
	GlobalSection(SolutionProperties) = preSolution
		HideSolutionNode = FALSE
	EndGlobalSection
	GlobalSection(ExtensibilityGlobals) = postSolution
		SolutionGuid = {678FF451-0CBE-4AC2-9976-43E60429AD8E}
	EndGlobalSection
EndGlobal
